
Microsoft Visual Studio Solution File, Format Version 12.00
# Visual Studio 2012
Project("{FAE04EC0-301F-11D3-BF4B-00C04F79EFBC}") = "WindowsFormApp", "Form1\WindowsFormApp.csproj", "{56E6ACC8-81BF-4227-BEBE-B889A1EF9568}"
EndProject
Global
	GlobalSection(SolutionConfigurationPlatforms) = preSolution
		Debug|Any CPU = Debug|Any CPU
		Release|Any CPU = Release|Any CPU
	EndGlobalSection
	GlobalSection(ProjectConfigurationPlatforms) = postSolution
		{56E6ACC8-81BF-4227-BEBE-B889A1EF9568}.Debug|Any CPU.ActiveCfg = Debug|Any CPU
		{56E6ACC8-81BF-4227-BEBE-B889A1EF9568}.Debug|Any CPU.Build.0 = Debug|Any CPU
		{56E6ACC8-81BF-4227-BEBE-B889A1EF9568}.Release|Any CPU.ActiveCfg = Release|Any CPU
		{56E6ACC8-81BF-4227-BEBE-B889A1EF9568}.Release|Any CPU.Build.0 = Release|Any CPU
	EndGlobalSection
	GlobalSection(SolutionProperties) = preSolution
		HideSolutionNode = FALSE
	EndGlobalSection
EndGlobal
